Microsoft Visual Studio Solution File, Format Version 11.00
# Visual Studio 2008

Project("{6F74905B-613C-83BC-7464-FC25A8E2290B}") = "bitcraftTest", "Assembly-CSharp.csproj", "{631A8F54-6C89-7FE7-BEF5-C5049433D93B}"
EndProject
Global
	GlobalSection(SolutionConfigurationPlatforms) = preSolution
		Debug|Any CPU = Debug|Any CPU
		Release|Any CPU = Release|Any CPU
	EndGlobalSection
	GlobalSection(ProjectConfigurationPlatforms) = postSolution
		{631A8F54-6C89-7FE7-BEF5-C5049433D93B}.Debug|Any CPU.ActiveCfg = Debug|Any CPU
		{631A8F54-6C89-7FE7-BEF5-C5049433D93B}.Debug|Any CPU.Build.0 = Debug|Any CPU
		{631A8F54-6C89-7FE7-BEF5-C5049433D93B}.Release|Any CPU.ActiveCfg = Release|Any CPU
		{631A8F54-6C89-7FE7-BEF5-C5049433D93B}.Release|Any CPU.Build.0 = Release|Any CPU
	EndGlobalSection
	GlobalSection(SolutionProperties) = preSolution
		HideSolutionNode = FALSE
	EndGlobalSection
	GlobalSection(MonoDevelopProperties) = preSolution
		StartupItem = Assembly-CSharp.csproj
	EndGlobalSection
EndGlobal
